
Microsoft Visual Studio Solution File, Format Version 10.00
# Visual Studio 2008
Project("{FAE04EC0-301F-11D3-BF4B-00C04F79EFBC}") = "ReviewPal", "ReviewPal.csproj", "{32604F5B-816A-4953-859C-5197D3059B07}"
EndProject
Project("{FAE04EC0-301F-11D3-BF4B-00C04F79EFBC}") = "ReviewPal.Core", "..\ReviewPal.Core\ReviewPal.Core.csproj", "{F5C8EB45-20B4-41A7-BD5D-C3319497C58F}"
EndProject
Global
	GlobalSection(SolutionConfigurationPlatforms) = preSolution
		Debug|Any CPU = Debug|Any CPU
		Release|Any CPU = Release|Any CPU
	EndGlobalSection
	GlobalSection(ProjectConfigurationPlatforms) = postSolution
		{32604F5B-816A-4953-859C-5197D3059B07}.Debug|Any CPU.ActiveCfg = Debug|Any CPU
		{32604F5B-816A-4953-859C-5197D3059B07}.Debug|Any CPU.Build.0 = Debug|Any CPU
		{32604F5B-816A-4953-859C-5197D3059B07}.Release|Any CPU.ActiveCfg = Release|Any CPU
		{32604F5B-816A-4953-859C-5197D3059B07}.Release|Any CPU.Build.0 = Release|Any CPU
		{F5C8EB45-20B4-41A7-BD5D-C3319497C58F}.Debug|Any CPU.ActiveCfg = Debug|Any CPU
		{F5C8EB45-20B4-41A7-BD5D-C3319497C58F}.Debug|Any CPU.Build.0 = Debug|Any CPU
		{F5C8EB45-20B4-41A7-BD5D-C3319497C58F}.Release|Any CPU.ActiveCfg = Release|Any CPU
		{F5C8EB45-20B4-41A7-BD5D-C3319497C58F}.Release|Any CPU.Build.0 = Release|Any CPU
	EndGlobalSection
	GlobalSection(SolutionProperties) = preSolution
		HideSolutionNode = FALSE
	EndGlobalSection
	GlobalSection(SubversionScc) = preSolution
		Svn-Managed = True
		Manager = AnkhSVN - Subversion Support for Visual Studio
	EndGlobalSection
EndGlobal
