
Microsoft Visual Studio Solution File, Format Version 11.00
# Visual Studio 2010
Project("{FAE04EC0-301F-11D3-BF4B-00C04F79EFBC}") = "ReviewPal2010", "ReviewPal2010.csproj", "{F95A291B-C85A-447D-90D4-6C799ADD4EAD}"
EndProject
Project("{FAE04EC0-301F-11D3-BF4B-00C04F79EFBC}") = "ReviewPal.Core", "..\ReviewPal.Core\ReviewPal.Core.csproj", "{F5C8EB45-20B4-41A7-BD5D-C3319497C58F}"
EndProject
Global
	GlobalSection(SolutionConfigurationPlatforms) = preSolution
		Debug|Any CPU = Debug|Any CPU
		Release|Any CPU = Release|Any CPU
	EndGlobalSection
	GlobalSection(ProjectConfigurationPlatforms) = postSolution
		{F95A291B-C85A-447D-90D4-6C799ADD4EAD}.Debug|Any CPU.ActiveCfg = Debug|Any CPU
		{F95A291B-C85A-447D-90D4-6C799ADD4EAD}.Debug|Any CPU.Build.0 = Debug|Any CPU
		{F95A291B-C85A-447D-90D4-6C799ADD4EAD}.Release|Any CPU.ActiveCfg = Release|Any CPU
		{F95A291B-C85A-447D-90D4-6C799ADD4EAD}.Release|Any CPU.Build.0 = Release|Any CPU
		{F5C8EB45-20B4-41A7-BD5D-C3319497C58F}.Debug|Any CPU.ActiveCfg = Debug|Any CPU
		{F5C8EB45-20B4-41A7-BD5D-C3319497C58F}.Debug|Any CPU.Build.0 = Debug|Any CPU
		{F5C8EB45-20B4-41A7-BD5D-C3319497C58F}.Release|Any CPU.ActiveCfg = Release|Any CPU
		{F5C8EB45-20B4-41A7-BD5D-C3319497C58F}.Release|Any CPU.Build.0 = Release|Any CPU
	EndGlobalSection
	GlobalSection(SolutionProperties) = preSolution
		HideSolutionNode = FALSE
	EndGlobalSection
EndGlobal
